
Microsoft Visual Studio Solution File, Format Version 12.00
# Visual Studio 15
VisualStudioVersion = 15.0.27703.2000
MinimumVisualStudioVersion = 10.0.40219.1
Project("{FAE04EC0-301F-11D3-BF4B-00C04F79EFBC}") = "eBookweb", "eBookweb\eBookweb.csproj", "{B90EC2AB-A504-49DA-8A51-0C27EE0FF3C9}"
EndProject
Global
	GlobalSection(SolutionConfigurationPlatforms) = preSolution
		Debug|Any CPU = Debug|Any CPU
		Release|Any CPU = Release|Any CPU
	EndGlobalSection
	GlobalSection(ProjectConfigurationPlatforms) = postSolution
		{B90EC2AB-A504-49DA-8A51-0C27EE0FF3C9}.Debug|Any CPU.ActiveCfg = Debug|Any CPU
		{B90EC2AB-A504-49DA-8A51-0C27EE0FF3C9}.Debug|Any CPU.Build.0 = Debug|Any CPU
		{B90EC2AB-A504-49DA-8A51-0C27EE0FF3C9}.Release|Any CPU.ActiveCfg = Release|Any CPU
		{B90EC2AB-A504-49DA-8A51-0C27EE0FF3C9}.Release|Any CPU.Build.0 = Release|Any CPU
	EndGlobalSection
	GlobalSection(SolutionProperties) = preSolution
		HideSolutionNode = FALSE
	EndGlobalSection
	GlobalSection(ExtensibilityGlobals) = postSolution
		SolutionGuid = {F8215309-7D1E-4D37-86EB-27A01207350E}
	EndGlobalSection
EndGlobal
